{
  "name": "my-samples",
  "version": "1.0.0",
  "lockfileVersion": 3,
  "requires": true,
  "packages": {
    "": {
      "name": "my-samples",
      "version": "1.0.0",
      "license": "ISC",
      "dependencies": {
        "strudel": "^1.0.5"
      },
      "devDependencies": {}
    },
    "node_modules/strudel": {
      "version": "1.0.5",
      "resolved": "https://registry.npmjs.org/strudel/-/strudel-1.0.5.tgz",
      "integrity": "sha512-SL4Ox1g9KwY8jrwtRqdNUWV0iWoyu880LlA7nLINHlLUmYnwHoB/PajIiP2mM/xlKANIKDb6dPaQ/v7NRlbstw==",
      "license": "MIT"
    }
  }
}
